
Microsoft Visual Studio Solution File, Format Version 12.00
# Visual Studio Version 16
VisualStudioVersion = 16.0.35325.158
MinimumVisualStudioVersion = 10.0.40219.1
Project("{FAE04EC0-301F-11D3-BF4B-00C04F79EFBC}") = "DeepSleep", "DeepSleep\DeepSleep.csproj", "{32A38EB6-B86E-45D5-8BA8-41AFFE137C23}"
EndProject
Global
	GlobalSection(SolutionConfigurationPlatforms) = preSolution
		Debug|Any CPU = Debug|Any CPU
		Release|Any CPU = Release|Any CPU
	EndGlobalSection
	GlobalSection(ProjectConfigurationPlatforms) = postSolution
		{32A38EB6-B86E-45D5-8BA8-41AFFE137C23}.Debug|Any CPU.ActiveCfg = Debug|Any CPU
		{32A38EB6-B86E-45D5-8BA8-41AFFE137C23}.Debug|Any CPU.Build.0 = Debug|Any CPU
		{32A38EB6-B86E-45D5-8BA8-41AFFE137C23}.Release|Any CPU.ActiveCfg = Release|Any CPU
		{32A38EB6-B86E-45D5-8BA8-41AFFE137C23}.Release|Any CPU.Build.0 = Release|Any CPU
	EndGlobalSection
	GlobalSection(SolutionProperties) = preSolution
		HideSolutionNode = FALSE
	EndGlobalSection
	GlobalSection(ExtensibilityGlobals) = postSolution
		SolutionGuid = {41E5AD9F-0583-467F-8E63-C9AA95E85775}
	EndGlobalSection
EndGlobal
